
Microsoft Visual Studio Solution File, Format Version 12.00
# Visual Studio Version 16
VisualStudioVersion = 16.0.31229.75
MinimumVisualStudioVersion = 10.0.40219.1
Project("{FAE04EC0-301F-11D3-BF4B-00C04F79EFBC}") = "TestEsamiStudente", "TestEsamiStudente\TestEsamiStudente.csproj", "{5CA0B019-A388-4FBD-92C2-A99462A2D3F2}"
EndProject
Global
	GlobalSection(SolutionConfigurationPlatforms) = preSolution
		Debug|Any CPU = Debug|Any CPU
		Release|Any CPU = Release|Any CPU
	EndGlobalSection
	GlobalSection(ProjectConfigurationPlatforms) = postSolution
		{5CA0B019-A388-4FBD-92C2-A99462A2D3F2}.Debug|Any CPU.ActiveCfg = Debug|Any CPU
		{5CA0B019-A388-4FBD-92C2-A99462A2D3F2}.Debug|Any CPU.Build.0 = Debug|Any CPU
		{5CA0B019-A388-4FBD-92C2-A99462A2D3F2}.Release|Any CPU.ActiveCfg = Release|Any CPU
		{5CA0B019-A388-4FBD-92C2-A99462A2D3F2}.Release|Any CPU.Build.0 = Release|Any CPU
	EndGlobalSection
	GlobalSection(SolutionProperties) = preSolution
		HideSolutionNode = FALSE
	EndGlobalSection
	GlobalSection(ExtensibilityGlobals) = postSolution
		SolutionGuid = {F7602967-3271-45B8-B03C-4FB4756F981B}
	EndGlobalSection
EndGlobal
